
Microsoft Visual Studio Solution File, Format Version 12.00
# Visual Studio Version 16
VisualStudioVersion = 16.0.31729.503
MinimumVisualStudioVersion = 10.0.40219.1
Project("{FAE04EC0-301F-11D3-BF4B-00C04F79EFBC}") = "ModLocker", "ModLocker\ModLocker.csproj", "{B901BE2E-DE84-4029-B193-41E064A6B94A}"
EndProject
Global
	GlobalSection(SolutionConfigurationPlatforms) = preSolution
		Debug|Any CPU = Debug|Any CPU
		Release|Any CPU = Release|Any CPU
	EndGlobalSection
	GlobalSection(ProjectConfigurationPlatforms) = postSolution
		{B901BE2E-DE84-4029-B193-41E064A6B94A}.Debug|Any CPU.ActiveCfg = Debug|Any CPU
		{B901BE2E-DE84-4029-B193-41E064A6B94A}.Debug|Any CPU.Build.0 = Debug|Any CPU
		{B901BE2E-DE84-4029-B193-41E064A6B94A}.Release|Any CPU.ActiveCfg = Release|Any CPU
		{B901BE2E-DE84-4029-B193-41E064A6B94A}.Release|Any CPU.Build.0 = Release|Any CPU
	EndGlobalSection
	GlobalSection(SolutionProperties) = preSolution
		HideSolutionNode = FALSE
	EndGlobalSection
	GlobalSection(ExtensibilityGlobals) = postSolution
		SolutionGuid = {C8ABE1F0-BDE7-45A7-A790-926775B12BAC}
	EndGlobalSection
EndGlobal
